
Microsoft Visual Studio Solution File, Format Version 12.00
# Visual Studio Version 17
VisualStudioVersion = 17.8.34525.116
MinimumVisualStudioVersion = 10.0.40219.1
Project("{FAE04EC0-301F-11D3-BF4B-00C04F79EFBC}") = "Reservation_Suris", "Reservation_Suris\Reservation_Suris.csproj", "{C2224399-508A-43ED-AA72-5EC3A018884A}"
EndProject
Global
	GlobalSection(SolutionConfigurationPlatforms) = preSolution
		Debug|Any CPU = Debug|Any CPU
		Release|Any CPU = Release|Any CPU
	EndGlobalSection
	GlobalSection(ProjectConfigurationPlatforms) = postSolution
		{C2224399-508A-43ED-AA72-5EC3A018884A}.Debug|Any CPU.ActiveCfg = Debug|Any CPU
		{C2224399-508A-43ED-AA72-5EC3A018884A}.Debug|Any CPU.Build.0 = Debug|Any CPU
		{C2224399-508A-43ED-AA72-5EC3A018884A}.Release|Any CPU.ActiveCfg = Release|Any CPU
		{C2224399-508A-43ED-AA72-5EC3A018884A}.Release|Any CPU.Build.0 = Release|Any CPU
	EndGlobalSection
	GlobalSection(SolutionProperties) = preSolution
		HideSolutionNode = FALSE
	EndGlobalSection
	GlobalSection(ExtensibilityGlobals) = postSolution
		SolutionGuid = {068FE0B0-45B9-4621-8E26-3AFFF0A5EDEC}
	EndGlobalSection
EndGlobal
